
Microsoft Visual Studio Solution File, Format Version 12.00
# Visual Studio Version 17
VisualStudioVersion = 17.11.35327.3
MinimumVisualStudioVersion = 10.0.40219.1
Project("{2150E333-8FDC-42A3-9474-1A3956D46DE8}") = "Services", "Services", "{50CA0521-CB82-49D8-983C-DE9CEE9A4B0C}"
EndProject
Project("{9A19103F-16F7-4668-BE54-9A1E7A4F7556}") = "AuthService", "AuthService\AuthService.csproj", "{D9AFEEB7-E8FE-4EC3-A4D6-B936DA456EAF}"
EndProject
Project("{9A19103F-16F7-4668-BE54-9A1E7A4F7556}") = "UserProfileService", "UserProfileService\UserProfileService.csproj", "{0A6EAB2B-75C1-4498-9DAE-564B14B22FD6}"
EndProject
Project("{9A19103F-16F7-4668-BE54-9A1E7A4F7556}") = "MatchingService", "MatchingService\MatchingService.csproj", "{455A76B1-38E3-4C0C-A388-9388A8CC57F4}"
EndProject
Project("{9A19103F-16F7-4668-BE54-9A1E7A4F7556}") = "ChatService", "ChatService\ChatService.csproj", "{561F2F2C-E3A1-49B0-8767-95F7B822C94E}"
EndProject
Project("{2150E333-8FDC-42A3-9474-1A3956D46DE8}") = "BuildingBlocks", "BuildingBlocks", "{0D3BF990-46DE-4184-96F6-7B3FB8A24874}"
EndProject
Project("{9A19103F-16F7-4668-BE54-9A1E7A4F7556}") = "SkillSwap.Shared", "SkillSwap.Shared\SkillSwap.Shared.csproj", "{35247634-A8D6-48B0-B7FC-CFFEEB833A8E}"
EndProject
Project("{2150E333-8FDC-42A3-9474-1A3956D46DE8}") = "Solution Items", "Solution Items", "{649F558E-08A2-40DE-BAC9-C60442E1671D}"
	ProjectSection(SolutionItems) = preProject
		docker-compose.yml = docker-compose.yml
	EndProjectSection
EndProject
Project("{9A19103F-16F7-4668-BE54-9A1E7A4F7556}") = "CourseService", "CourseService\CourseService.csproj", "{90A898FA-FDEA-492B-9A50-7E7F4286A131}"
EndProject
Project("{9A19103F-16F7-4668-BE54-9A1E7A4F7556}") = "OfferService", "OfferService\OfferService.csproj", "{13F87CDA-0EEB-476F-AF62-EB2820B2F12C}"
EndProject
Project("{9A19103F-16F7-4668-BE54-9A1E7A4F7556}") = "OrderService", "OrderService\OrderService.csproj", "{0ECD4CB3-FEDA-445D-A513-588AF39648E2}"
EndProject
Project("{9A19103F-16F7-4668-BE54-9A1E7A4F7556}") = "PaymentService", "PaymentService\PaymentService.csproj", "{40A321BE-BA81-4D8D-9699-BC5B835B82DA}"
EndProject
Project("{9A19103F-16F7-4668-BE54-9A1E7A4F7556}") = "CodeMate.Shared.Contracts", "CodeMate.Shared.Contracts\CodeMate.Shared.Contracts.csproj", "{361AF3E0-841F-4205-ADBC-5BF124548845}"
EndProject
Project("{9A19103F-16F7-4668-BE54-9A1E7A4F7556}") = "NotificationService", "NotificationService\NotificationService.csproj", "{37B6552B-BDED-44B4-9307-EF00C9A522F8}"
EndProject
Project("{FAE04EC0-301F-11D3-BF4B-00C04F79EFBC}") = "ReviewService", "ReviewService\ReviewService.csproj", "{A397739E-807A-468E-8A8D-E21999B1EBF9}"
EndProject
Global
	GlobalSection(SolutionConfigurationPlatforms) = preSolution
		Debug|Any CPU = Debug|Any CPU
		Release|Any CPU = Release|Any CPU
	EndGlobalSection
	GlobalSection(ProjectConfigurationPlatforms) = postSolution
		{D9AFEEB7-E8FE-4EC3-A4D6-B936DA456EAF}.Debug|Any CPU.ActiveCfg = Debug|Any CPU
		{D9AFEEB7-E8FE-4EC3-A4D6-B936DA456EAF}.Debug|Any CPU.Build.0 = Debug|Any CPU
		{D9AFEEB7-E8FE-4EC3-A4D6-B936DA456EAF}.Release|Any CPU.ActiveCfg = Release|Any CPU
		{D9AFEEB7-E8FE-4EC3-A4D6-B936DA456EAF}.Release|Any CPU.Build.0 = Release|Any CPU
		{0A6EAB2B-75C1-4498-9DAE-564B14B22FD6}.Debug|Any CPU.ActiveCfg = Debug|Any CPU
		{0A6EAB2B-75C1-4498-9DAE-564B14B22FD6}.Debug|Any CPU.Build.0 = Debug|Any CPU
		{0A6EAB2B-75C1-4498-9DAE-564B14B22FD6}.Release|Any CPU.ActiveCfg = Release|Any CPU
		{0A6EAB2B-75C1-4498-9DAE-564B14B22FD6}.Release|Any CPU.Build.0 = Release|Any CPU
		{455A76B1-38E3-4C0C-A388-9388A8CC57F4}.Debug|Any CPU.ActiveCfg = Debug|Any CPU
		{455A76B1-38E3-4C0C-A388-9388A8CC57F4}.Debug|Any CPU.Build.0 = Debug|Any CPU
		{455A76B1-38E3-4C0C-A388-9388A8CC57F4}.Release|Any CPU.ActiveCfg = Release|Any CPU
		{455A76B1-38E3-4C0C-A388-9388A8CC57F4}.Release|Any CPU.Build.0 = Release|Any CPU
		{561F2F2C-E3A1-49B0-8767-95F7B822C94E}.Debug|Any CPU.ActiveCfg = Debug|Any CPU
		{561F2F2C-E3A1-49B0-8767-95F7B822C94E}.Debug|Any CPU.Build.0 = Debug|Any CPU
		{561F2F2C-E3A1-49B0-8767-95F7B822C94E}.Release|Any CPU.ActiveCfg = Release|Any CPU
		{561F2F2C-E3A1-49B0-8767-95F7B822C94E}.Release|Any CPU.Build.0 = Release|Any CPU
		{35247634-A8D6-48B0-B7FC-CFFEEB833A8E}.Debug|Any CPU.ActiveCfg = Debug|Any CPU
		{35247634-A8D6-48B0-B7FC-CFFEEB833A8E}.Debug|Any CPU.Build.0 = Debug|Any CPU
		{35247634-A8D6-48B0-B7FC-CFFEEB833A8E}.Release|Any CPU.ActiveCfg = Release|Any CPU
		{35247634-A8D6-48B0-B7FC-CFFEEB833A8E}.Release|Any CPU.Build.0 = Release|Any CPU
		{90A898FA-FDEA-492B-9A50-7E7F4286A131}.Debug|Any CPU.ActiveCfg = Debug|Any CPU
		{90A898FA-FDEA-492B-9A50-7E7F4286A131}.Debug|Any CPU.Build.0 = Debug|Any CPU
		{90A898FA-FDEA-492B-9A50-7E7F4286A131}.Release|Any CPU.ActiveCfg = Release|Any CPU
		{90A898FA-FDEA-492B-9A50-7E7F4286A131}.Release|Any CPU.Build.0 = Release|Any CPU
		{13F87CDA-0EEB-476F-AF62-EB2820B2F12C}.Debug|Any CPU.ActiveCfg = Debug|Any CPU
		{13F87CDA-0EEB-476F-AF62-EB2820B2F12C}.Debug|Any CPU.Build.0 = Debug|Any CPU
		{13F87CDA-0EEB-476F-AF62-EB2820B2F12C}.Release|Any CPU.ActiveCfg = Release|Any CPU
		{13F87CDA-0EEB-476F-AF62-EB2820B2F12C}.Release|Any CPU.Build.0 = Release|Any CPU
		{0ECD4CB3-FEDA-445D-A513-588AF39648E2}.Debug|Any CPU.ActiveCfg = Debug|Any CPU
		{0ECD4CB3-FEDA-445D-A513-588AF39648E2}.Debug|Any CPU.Build.0 = Debug|Any CPU
		{0ECD4CB3-FEDA-445D-A513-588AF39648E2}.Release|Any CPU.ActiveCfg = Release|Any CPU
		{0ECD4CB3-FEDA-445D-A513-588AF39648E2}.Release|Any CPU.Build.0 = Release|Any CPU
		{40A321BE-BA81-4D8D-9699-BC5B835B82DA}.Debug|Any CPU.ActiveCfg = Debug|Any CPU
		{40A321BE-BA81-4D8D-9699-BC5B835B82DA}.Debug|Any CPU.Build.0 = Debug|Any CPU
		{40A321BE-BA81-4D8D-9699-BC5B835B82DA}.Release|Any CPU.ActiveCfg = Release|Any CPU
		{40A321BE-BA81-4D8D-9699-BC5B835B82DA}.Release|Any CPU.Build.0 = Release|Any CPU
		{361AF3E0-841F-4205-ADBC-5BF124548845}.Debug|Any CPU.ActiveCfg = Debug|Any CPU
		{361AF3E0-841F-4205-ADBC-5BF124548845}.Debug|Any CPU.Build.0 = Debug|Any CPU
		{361AF3E0-841F-4205-ADBC-5BF124548845}.Release|Any CPU.ActiveCfg = Release|Any CPU
		{361AF3E0-841F-4205-ADBC-5BF124548845}.Release|Any CPU.Build.0 = Release|Any CPU
		{37B6552B-BDED-44B4-9307-EF00C9A522F8}.Debug|Any CPU.ActiveCfg = Debug|Any CPU
		{37B6552B-BDED-44B4-9307-EF00C9A522F8}.Debug|Any CPU.Build.0 = Debug|Any CPU
		{37B6552B-BDED-44B4-9307-EF00C9A522F8}.Release|Any CPU.ActiveCfg = Release|Any CPU
		{37B6552B-BDED-44B4-9307-EF00C9A522F8}.Release|Any CPU.Build.0 = Release|Any CPU
		{A397739E-807A-468E-8A8D-E21999B1EBF9}.Debug|Any CPU.ActiveCfg = Debug|Any CPU
		{A397739E-807A-468E-8A8D-E21999B1EBF9}.Debug|Any CPU.Build.0 = Debug|Any CPU
		{A397739E-807A-468E-8A8D-E21999B1EBF9}.Release|Any CPU.ActiveCfg = Release|Any CPU
		{A397739E-807A-468E-8A8D-E21999B1EBF9}.Release|Any CPU.Build.0 = Release|Any CPU
	EndGlobalSection
	GlobalSection(SolutionProperties) = preSolution
		HideSolutionNode = FALSE
	EndGlobalSection
	GlobalSection(NestedProjects) = preSolution
		{D9AFEEB7-E8FE-4EC3-A4D6-B936DA456EAF} = {50CA0521-CB82-49D8-983C-DE9CEE9A4B0C}
		{0A6EAB2B-75C1-4498-9DAE-564B14B22FD6} = {50CA0521-CB82-49D8-983C-DE9CEE9A4B0C}
		{455A76B1-38E3-4C0C-A388-9388A8CC57F4} = {50CA0521-CB82-49D8-983C-DE9CEE9A4B0C}
		{561F2F2C-E3A1-49B0-8767-95F7B822C94E} = {50CA0521-CB82-49D8-983C-DE9CEE9A4B0C}
		{35247634-A8D6-48B0-B7FC-CFFEEB833A8E} = {0D3BF990-46DE-4184-96F6-7B3FB8A24874}
		{90A898FA-FDEA-492B-9A50-7E7F4286A131} = {50CA0521-CB82-49D8-983C-DE9CEE9A4B0C}
		{13F87CDA-0EEB-476F-AF62-EB2820B2F12C} = {50CA0521-CB82-49D8-983C-DE9CEE9A4B0C}
		{0ECD4CB3-FEDA-445D-A513-588AF39648E2} = {50CA0521-CB82-49D8-983C-DE9CEE9A4B0C}
		{40A321BE-BA81-4D8D-9699-BC5B835B82DA} = {50CA0521-CB82-49D8-983C-DE9CEE9A4B0C}
		{37B6552B-BDED-44B4-9307-EF00C9A522F8} = {50CA0521-CB82-49D8-983C-DE9CEE9A4B0C}
		{A397739E-807A-468E-8A8D-E21999B1EBF9} = {50CA0521-CB82-49D8-983C-DE9CEE9A4B0C}
	EndGlobalSection
	GlobalSection(ExtensibilityGlobals) = postSolution
		SolutionGuid = {A3975CB2-47BE-4213-8A24-D1629F64408A}
	EndGlobalSection
EndGlobal
